
Microsoft Visual Studio Solution File, Format Version 12.00
# Visual Studio Version 16
VisualStudioVersion = 16.0.29926.136
MinimumVisualStudioVersion = 10.0.40219.1
Project("{FAE04EC0-301F-11D3-BF4B-00C04F79EFBC}") = "ClassLibrary1", "ClassLibrary1\ClassLibrary1.csproj", "{BF71591A-34B5-4552-9DA7-84040C77678A}"
EndProject
Global
	GlobalSection(SolutionConfigurationPlatforms) = preSolution
		Debug|Any CPU = Debug|Any CPU
		Release|Any CPU = Release|Any CPU
	EndGlobalSection
	GlobalSection(ProjectConfigurationPlatforms) = postSolution
		{BF71591A-34B5-4552-9DA7-84040C77678A}.Debug|Any CPU.ActiveCfg = Debug|Any CPU
		{BF71591A-34B5-4552-9DA7-84040C77678A}.Debug|Any CPU.Build.0 = Debug|Any CPU
		{BF71591A-34B5-4552-9DA7-84040C77678A}.Release|Any CPU.ActiveCfg = Release|Any CPU
		{BF71591A-34B5-4552-9DA7-84040C77678A}.Release|Any CPU.Build.0 = Release|Any CPU
	EndGlobalSection
	GlobalSection(SolutionProperties) = preSolution
		HideSolutionNode = FALSE
	EndGlobalSection
	GlobalSection(ExtensibilityGlobals) = postSolution
		SolutionGuid = {337B5B26-2355-474C-88DF-4C6CD6ADE23C}
	EndGlobalSection
EndGlobal
